
Microsoft Visual Studio Solution File, Format Version 12.00
# Visual Studio Version 17
VisualStudioVersion = 17.0.32112.339
MinimumVisualStudioVersion = 10.0.40219.1
Project("{9A19103F-16F7-4668-BE54-9A1E7A4F7556}") = "EskomApiBufferService", "EskomApiBufferService\EskomApiBufferService.csproj", "{DBA9B626-8EB8-443D-BE42-3058F99ACBCD}"
EndProject
Project("{9A19103F-16F7-4668-BE54-9A1E7A4F7556}") = "EskomApiBufferServiceLibTests", "EskomApiBufferServiceLibTests\EskomApiBufferServiceLibTests.csproj", "{2A17CC0A-9AD7-4E70-A69F-F152B1357AD1}"
EndProject
Project("{FAE04EC0-301F-11D3-BF4B-00C04F79EFBC}") = "EskomApiBufferServer", "EskomApiBufferServer\EskomApiBufferServer.csproj", "{13D0D140-AA0D-4818-99A8-EE8C1AA59912}"
EndProject
Global
	GlobalSection(SolutionConfigurationPlatforms) = preSolution
		Debug|Any CPU = Debug|Any CPU
		Release|Any CPU = Release|Any CPU
	EndGlobalSection
	GlobalSection(ProjectConfigurationPlatforms) = postSolution
		{DBA9B626-8EB8-443D-BE42-3058F99ACBCD}.Debug|Any CPU.ActiveCfg = Debug|Any CPU
		{DBA9B626-8EB8-443D-BE42-3058F99ACBCD}.Debug|Any CPU.Build.0 = Debug|Any CPU
		{DBA9B626-8EB8-443D-BE42-3058F99ACBCD}.Release|Any CPU.ActiveCfg = Release|Any CPU
		{DBA9B626-8EB8-443D-BE42-3058F99ACBCD}.Release|Any CPU.Build.0 = Release|Any CPU
		{2A17CC0A-9AD7-4E70-A69F-F152B1357AD1}.Debug|Any CPU.ActiveCfg = Debug|Any CPU
		{2A17CC0A-9AD7-4E70-A69F-F152B1357AD1}.Debug|Any CPU.Build.0 = Debug|Any CPU
		{2A17CC0A-9AD7-4E70-A69F-F152B1357AD1}.Release|Any CPU.ActiveCfg = Release|Any CPU
		{2A17CC0A-9AD7-4E70-A69F-F152B1357AD1}.Release|Any CPU.Build.0 = Release|Any CPU
		{13D0D140-AA0D-4818-99A8-EE8C1AA59912}.Debug|Any CPU.ActiveCfg = Debug|Any CPU
		{13D0D140-AA0D-4818-99A8-EE8C1AA59912}.Debug|Any CPU.Build.0 = Debug|Any CPU
		{13D0D140-AA0D-4818-99A8-EE8C1AA59912}.Release|Any CPU.ActiveCfg = Release|Any CPU
		{13D0D140-AA0D-4818-99A8-EE8C1AA59912}.Release|Any CPU.Build.0 = Release|Any CPU
	EndGlobalSection
	GlobalSection(SolutionProperties) = preSolution
		HideSolutionNode = FALSE
	EndGlobalSection
	GlobalSection(ExtensibilityGlobals) = postSolution
		SolutionGuid = {D8EC6C0A-8775-453B-97AC-CAF71840C5DE}
	EndGlobalSection
EndGlobal
